// !$*UTF8*$!
{
	archiveVersion = 1;
	classes = {
	};
	objectVersion = 56;
	objects = {

/* Begin PBXBuildFile section */
		26ABB5F02CACA898002D16AC /* AppDelegate.swift in Sources */ = {isa = PBXBuildFile; fileRef = 26ABB5EF2CACA898002D16AC /* AppDelegate.swift */; };
		26ABB5F22CACA898002D16AC /* SceneDelegate.swift in Sources */ = {isa = PBXBuildFile; fileRef = 26ABB5F12CACA898002D16AC /* SceneDelegate.swift */; };
		26ABB5F42CACA898002D16AC /* ViewController.swift in Sources */ = {isa = PBXBuildFile; fileRef = 26ABB5F32CACA898002D16AC /* ViewController.swift */; };
		26ABB5F72CACA898002D16AC /* Base in Resources */ = {isa = PBXBuildFile; fileRef = 26ABB5F62CACA898002D16AC /* Base */; };
		26ABB5FA2CACA898002D16AC /* JourneyKeeperApp.xcdatamodeld in Sources */ = {isa = PBXBuildFile; fileRef = 26ABB5F82CACA898002D16AC /* JourneyKeeperApp.xcdatamodeld */; };
		26ABB5FC2CACA899002D16AC /* Assets.xcassets in Resources */ = {isa = PBXBuildFile; fileRef = 26ABB5FB2CACA899002D16AC /* Assets.xcassets */; };
		26ABB5FF2CACA899002D16AC /* Base in Resources */ = {isa = PBXBuildFile; fileRef = 26ABB5FE2CACA899002D16AC /* Base */; };
		26ABB6072CACA924002D16AC /* MapViewController.swift in Sources */ = {isa = PBXBuildFile; fileRef = 26ABB6062CACA924002D16AC /* MapViewController.swift */; };
/* End PBXBuildFile section */

/* Begin PBXFileReference section */
		26ABB5EC2CACA898002D16AC /* JourneyKeeperApp.app */ = {isa = PBXFileReference; explicitFileType = wrapper.application; includeInIndex = 0; path = JourneyKeeperApp.app; sourceTree = BUILT_PRODUCTS_DIR; };
		26ABB5EF2CACA898002D16AC /* AppDelegate.swift */ = {isa = PBXFileReference; lastKnownFileType = sourcecode.swift; path = AppDelegate.swift; sourceTree = "<group>"; };
		26ABB5F12CACA898002D16AC /* SceneDelegate.swift */ = {isa = PBXFileReference; lastKnownFileType = sourcecode.swift; path = SceneDelegate.swift; sourceTree = "<group>"; };
		26ABB5F32CACA898002D16AC /* ViewController.swift */ = {isa = PBXFileReference; lastKnownFileType = sourcecode.swift; path = ViewController.swift; sourceTree = "<group>"; };
		26ABB5F62CACA898002D16AC /* Base */ = {isa = PBXFileReference; lastKnownFileType = file.storyboard; name = Base; path = Base.lproj/Main.storyboard; sourceTree = "<group>"; };
		26ABB5F92CACA898002D16AC /* JourneyKeeperApp.xcdatamodel */ = {isa = PBXFileReference; lastKnownFileType = wrapper.xcdatamodel; path = JourneyKeeperApp.xcdatamodel; sourceTree = "<group>"; };
		26ABB5FB2CACA899002D16AC /* Assets.xcassets */ = {isa = PBXFileReference; lastKnownFileType = folder.assetcatalog; path = Assets.xcassets; sourceTree = "<group>"; };
		26ABB5FE2CACA899002D16AC /* Base */ = {isa = PBXFileReference; lastKnownFileType = file.storyboard; name = Base; path = Base.lproj/LaunchScreen.storyboard; sourceTree = "<group>"; };
		26ABB6002CACA899002D16AC /* Info.plist */ = {isa = PBXFileReference; lastKnownFileType = text.plist.xml; path = Info.plist; sourceTree = "<group>"; };
		26ABB6062CACA924002D16AC /* MapViewController.swift */ = {isa = PBXFileReference; lastKnownFileType = sourcecode.swift; path = MapViewController.swift; sourceTree = "<group>"; };
/* End PBXFileReference section */

/* Begin PBXFrameworksBuildPhase section */
		26ABB5E92CACA898002D16AC /* Frameworks */ = {
			isa = PBXFrameworksBuildPhase;
			buildActionMask = 2147483647;
			files = (
			);
			runOnlyForDeploymentPostprocessing = 0;
		};
/* End PBXFrameworksBuildPhase section */

/* Begin PBXGroup section */
		26ABB5E32CACA898002D16AC = {
			isa = PBXGroup;
			children = (
				26ABB5EE2CACA898002D16AC /* JourneyKeeperApp */,
				26ABB5ED2CACA898002D16AC /* Products */,
			);
			sourceTree = "<group>";
		};
		26ABB5ED2CACA898002D16AC /* Products */ = {
			isa = PBXGroup;
			children = (
				26ABB5EC2CACA898002D16AC /* JourneyKeeperApp.app */,
			);
			name = Products;
			sourceTree = "<group>";
		};
		26ABB5EE2CACA898002D16AC /* JourneyKeeperApp */ = {
			isa = PBXGroup;
			children = (
				26ABB5EF2CACA898002D16AC /* AppDelegate.swift */,
				26ABB5F12CACA898002D16AC /* SceneDelegate.swift */,
				26ABB5F32CACA898002D16AC /* ViewController.swift */,
				26ABB6062CACA924002D16AC /* MapViewController.swift */,
				26ABB5F52CACA898002D16AC /* Main.storyboard */,
				26ABB5FB2CACA899002D16AC /* Assets.xcassets */,
				26ABB5FD2CACA899002D16AC /* LaunchScreen.storyboard */,
				26ABB6002CACA899002D16AC /* Info.plist */,
				26ABB5F82CACA898002D16AC /* JourneyKeeperApp.xcdatamodeld */,
			);
			path = JourneyKeeperApp;
			sourceTree = "<group>";
		};
/* End PBXGroup section */

/* Begin PBXNativeTarget section */
		26ABB5EB2CACA898002D16AC /* JourneyKeeperApp */ = {
			isa = PBXNativeTarget;
			buildConfigurationList = 26ABB6032CACA899002D16AC /* Build configuration list for PBXNativeTarget "JourneyKeeperApp" */;
			buildPhases = (
				26ABB5E82CACA898002D16AC /* Sources */,
				26ABB5E92CACA898002D16AC /* Frameworks */,
				26ABB5EA2CACA898002D16AC /* Resources */,
			);
			buildRules = (
			);
			dependencies = (
			);
			name = JourneyKeeperApp;
			productName = JourneyKeeperApp;
			productReference = 26ABB5EC2CACA898002D16AC /* JourneyKeeperApp.app */;
			productType = "com.apple.product-type.application";
		};
/* End PBXNativeTarget section */

/* Begin PBXProject section */
		26ABB5E42CACA898002D16AC /* Project object */ = {
			isa = PBXProject;
			attributes = {
				BuildIndependentTargetsInParallel = 1;
				LastSwiftUpdateCheck = 1540;
				LastUpgradeCheck = 1540;
				TargetAttributes = {
					26ABB5EB2CACA898002D16AC = {
						CreatedOnToolsVersion = 15.4;
					};
				};
			};
			buildConfigurationList = 26ABB5E72CACA898002D16AC /* Build configuration list for PBXProject "JourneyKeeperApp" */;
			compatibilityVersion = "Xcode 14.0";
			developmentRegion = en;
			hasScannedForEncodings = 0;
			knownRegions = (
				en,
				Base,
			);
			mainGroup = 26ABB5E32CACA898002D16AC;
			productRefGroup = 26ABB5ED2CACA898002D16AC /* Products */;
			projectDirPath = "";
			projectRoot = "";
			targets = (
				26ABB5EB2CACA898002D16AC /* JourneyKeeperApp */,
			);
		};
/* End PBXProject section */

/* Begin PBXResourcesBuildPhase section */
		26ABB5EA2CACA898002D16AC /* Resources */ = {
			isa = PBXResourcesBuildPhase;
			buildActionMask = 2147483647;
			files = (
				26ABB5FC2CACA899002D16AC /* Assets.xcassets in Resources */,
				26ABB5FF2CACA899002D16AC /* Base in Resources */,
				26ABB5F72CACA898002D16AC /* Base in Resources */,
			);
			runOnlyForDeploymentPostprocessing = 0;
		};
/* End PBXResourcesBuildPhase section */

/* Begin PBXSourcesBuildPhase section */
		26ABB5E82CACA898002D16AC /* Sources */ = {
			isa = PBXSourcesBuildPhase;
			buildActionMask = 2147483647;
			files = (
				26ABB5F42CACA898002D16AC /* ViewController.swift in Sources */,
				26ABB5F02CACA898002D16AC /* AppDelegate.swift in Sources */,
				26ABB5FA2CACA898002D16AC /* JourneyKeeperApp.xcdatamodeld in Sources */,
				26ABB6072CACA924002D16AC /* MapViewController.swift in Sources */,
				26ABB5F22CACA898002D16AC /* SceneDelegate.swift in Sources */,
			);
			runOnlyForDeploymentPostprocessing = 0;
		};
/* End PBXSourcesBuildPhase section */

/* Begin PBXVariantGroup section */
		26ABB5F52CACA898002D16AC /* Main.storyboard */ = {
			isa = PBXVariantGroup;
			children = (
				26ABB5F62CACA898002D16AC /* Base */,
			);
			name = Main.storyboard;
			sourceTree = "<group>";
		};
		26ABB5FD2CACA899002D16AC /* LaunchScreen.storyboard */ = {
			isa = PBXVariantGroup;
			children = (
				26ABB5FE2CACA899002D16AC /* Base */,
			);
			name = LaunchScreen.storyboard;
			sourceTree = "<group>";
		};
/* End PBXVariantGroup section */

/* Begin XCBuildConfiguration section */
		26ABB6012CACA899002D16AC /* Debug */ = {
			isa = XCBuildConfiguration;
			buildSettings = {
				ALWAYS_SEARCH_USER_PATHS = NO;
				ASSETCATALOG_COMPILER_GENERATE_SWIFT_ASSET_SYMBOL_EXTENSIONS = YES;
				CLANG_ANALYZER_NONNULL = YES;
				CLANG_ANALYZER_NUMBER_OBJECT_CONVERSION = YES_AGGRESSIVE;
				CLANG_CXX_LANGUAGE_STANDARD = "gnu++20";
				CLANG_ENABLE_MODULES = YES;
				CLANG_ENABLE_OBJC_ARC = YES;
				CLANG_ENABLE_OBJC_WEAK = YES;
				CLANG_WARN_BLOCK_CAPTURE_AUTORELEASING = YES;
				CLANG_WARN_BOOL_CONVERSION = YES;
				CLANG_WARN_COMMA = YES;
				CLANG_WARN_CONSTANT_CONVERSION = YES;
				CLANG_WARN_DEPRECATED_OBJC_IMPLEMENTATIONS = YES;
				CLANG_WARN_DIRECT_OBJC_ISA_USAGE = YES_ERROR;
				CLANG_WARN_DOCUMENTATION_COMMENTS = YES;
				CLANG_WARN_EMPTY_BODY = YES;
				CLANG_WARN_ENUM_CONVERSION = YES;
				CLANG_WARN_INFINITE_RECURSION = YES;
				CLANG_WARN_INT_CONVERSION = YES;
				CLANG_WARN_NON_LITERAL_NULL_CONVERSION = YES;
				CLANG_WARN_OBJC_IMPLICIT_RETAIN_SELF = YES;
				CLANG_WARN_OBJC_LITERAL_CONVERSION = YES;
				CLANG_WARN_OBJC_ROOT_CLASS = YES_ERROR;
				CLANG_WARN_QUOTED_INCLUDE_IN_FRAMEWORK_HEADER = YES;
				CLANG_WARN_RANGE_LOOP_ANALYSIS = YES;
				CLANG_WARN_STRICT_PROTOTYPES = YES;
				CLANG_WARN_SUSPICIOUS_MOVE = YES;
				CLANG_WARN_UNGUARDED_AVAILABILITY = YES_AGGRESSIVE;
				CLANG_WARN_UNREACHABLE_CODE = YES;
				CLANG_WARN__DUPLICATE_METHOD_MATCH = YES;
				COPY_PHASE_STRIP = NO;
				DEBUG_INFORMATION_FORMAT = dwarf;
				ENABLE_STRICT_OBJC_MSGSEND = YES;
				ENABLE_TESTABILITY = YES;
				ENABLE_USER_SCRIPT_SANDBOXING = YES;
				GCC_C_LANGUAGE_STANDARD = gnu17;
				GCC_DYNAMIC_NO_PIC = NO;
				GCC_NO_COMMON_BLOCKS = YES;
				GCC_OPTIMIZATION_LEVEL = 0;
				GCC_PREPROCESSOR_DEFINITIONS = (
					"DEBUG=1",
					"$(inherited)",
				);
				GCC_WARN_64_TO_32_BIT_CONVERSION = YES;
				GCC_WARN_ABOUT_RETURN_TYPE = YES_ERROR;
				GCC_WARN_UNDECLARED_SELECTOR = YES;
				GCC_WARN_UNINITIALIZED_AUTOS = YES_AGGRESSIVE;
				GCC_WARN_UNUSED_FUNCTION = YES;
				GCC_WARN_UNUSED_VARIABLE = YES;
				IPHONEOS_DEPLOYMENT_TARGET = 17.5;
				LOCALIZATION_PREFERS_STRING_CATALOGS = YES;
				MTL_ENABLE_DEBUG_INFO = INCLUDE_SOURCE;
				MTL_FAST_MATH = YES;
				ONLY_ACTIVE_ARCH = YES;
				SDKROOT = iphoneos;
				SWIFT_ACTIVE_COMPILATION_CONDITIONS = "DEBUG $(inherited)";
				SWIFT_OPTIMIZATION_LEVEL = "-Onone";
			};
			name = Debug;
		};
		26ABB6022CACA899002D16AC /* Release */ = {
			isa = XCBuildConfiguration;
			buildSettings = {
				ALWAYS_SEARCH_USER_PATHS = NO;
				ASSETCATALOG_COMPILER_GENERATE_SWIFT_ASSET_SYMBOL_EXTENSIONS = YES;
				CLANG_ANALYZER_NONNULL = YES;
				CLANG_ANALYZER_NUMBER_OBJECT_CONVERSION = YES_AGGRESSIVE;
				CLANG_CXX_LANGUAGE_STANDARD = "gnu++20";
				CLANG_ENABLE_MODULES = YES;
				CLANG_ENABLE_OBJC_ARC = YES;
				CLANG_ENABLE_OBJC_WEAK = YES;
				CLANG_WARN_BLOCK_CAPTURE_AUTORELEASING = YES;
				CLANG_WARN_BOOL_CONVERSION = YES;
				CLANG_WARN_COMMA = YES;
				CLANG_WARN_CONSTANT_CONVERSION = YES;
				CLANG_WARN_DEPRECATED_OBJC_IMPLEMENTATIONS = YES;
				CLANG_WARN_DIRECT_OBJC_ISA_USAGE = YES_ERROR;
				CLANG_WARN_DOCUMENTATION_COMMENTS = YES;
				CLANG_WARN_EMPTY_BODY = YES;
				CLANG_WARN_ENUM_CONVERSION = YES;
				CLANG_WARN_INFINITE_RECURSION = YES;
				CLANG_WARN_INT_CONVERSION = YES;
				CLANG_WARN_NON_LITERAL_NULL_CONVERSION = YES;
				CLANG_WARN_OBJC_IMPLICIT_RETAIN_SELF = YES;
				CLANG_WARN_OBJC_LITERAL_CONVERSION = YES;
				CLANG_WARN_OBJC_ROOT_CLASS = YES_ERROR;
				CLANG_WARN_QUOTED_INCLUDE_IN_FRAMEWORK_HEADER = YES;
				CLANG_WARN_RANGE_LOOP_ANALYSIS = YES;
				CLANG_WARN_STRICT_PROTOTYPES = YES;
				CLANG_WARN_SUSPICIOUS_MOVE = YES;
				CLANG_WARN_UNGUARDED_AVAILABILITY = YES_AGGRESSIVE;
				CLANG_WARN_UNREACHABLE_CODE = YES;
				CLANG_WARN__DUPLICATE_METHOD_MATCH = YES;
				COPY_PHASE_STRIP = NO;
				DEBUG_INFORMATION_FORMAT = "dwarf-with-dsym";
				ENABLE_NS_ASSERTIONS = NO;
				ENABLE_STRICT_OBJC_MSGSEND = YES;
				ENABLE_USER_SCRIPT_SANDBOXING = YES;
				GCC_C_LANGUAGE_STANDARD = gnu17;
				GCC_NO_COMMON_BLOCKS = YES;
				GCC_WARN_64_TO_32_BIT_CONVERSION = YES;
				GCC_WARN_ABOUT_RETURN_TYPE = YES_ERROR;
				GCC_WARN_UNDECLARED_SELECTOR = YES;
				GCC_WARN_UNINITIALIZED_AUTOS = YES_AGGRESSIVE;
				GCC_WARN_UNUSED_FUNCTION = YES;
				GCC_WARN_UNUSED_VARIABLE = YES;
				IPHONEOS_DEPLOYMENT_TARGET = 17.5;
				LOCALIZATION_PREFERS_STRING_CATALOGS = YES;
				MTL_ENABLE_DEBUG_INFO = NO;
				MTL_FAST_MATH = YES;
				SDKROOT = iphoneos;
				SWIFT_COMPILATION_MODE = wholemodule;
				VALIDATE_PRODUCT = YES;
			};
			name = Release;
		};
		26ABB6042CACA899002D16AC /* Debug */ = {
			isa = XCBuildConfiguration;
			buildSettings = {
				ASSETCATALOG_COMPILER_APPICON_NAME = AppIcon;
				ASSETCATALOG_COMPILER_GLOBAL_ACCENT_COLOR_NAME = AccentColor;
				CODE_SIGN_STYLE = Automatic;
				CURRENT_PROJECT_VERSION = 1;
				DEVELOPMENT_TEAM = 5SALT5UTL2;
				GENERATE_INFOPLIST_FILE = YES;
				INFOPLIST_FILE = JourneyKeeperApp/Info.plist;
				INFOPLIST_KEY_UIApplicationSupportsIndirectInputEvents = YES;
				INFOPLIST_KEY_UILaunchStoryboardName = LaunchScreen;
				INFOPLIST_KEY_UIMainStoryboardFile = Main;
				INFOPLIST_KEY_UISupportedInterfaceOrientations_iPad = "UIInterfaceOrientationPortrait UIInterfaceOrientationPortraitUpsideDown UIInterfaceOrientationLandscapeLeft UIInterfaceOrientationLandscapeRight";
				INFOPLIST_KEY_UISupportedInterfaceOrientations_iPhone = "UIInterfaceOrientationPortrait UIInterfaceOrientationLandscapeLeft UIInterfaceOrientationLandscapeRight";
				LD_RUNPATH_SEARCH_PATHS = (
					"$(inherited)",
					"@executable_path/Frameworks",
				);
				MARKETING_VERSION = 1.0;
				PRODUCT_BUNDLE_IDENTIFIER = com.erenelci.JourneyKeeperApp;
				PRODUCT_NAME = "$(TARGET_NAME)";
				SWIFT_EMIT_LOC_STRINGS = YES;
				SWIFT_VERSION = 5.0;
				TARGETED_DEVICE_FAMILY = "1,2";
			};
			name = Debug;
		};
		26ABB6052CACA899002D16AC /* Release */ = {
			isa = XCBuildConfiguration;
			buildSettings = {
				ASSETCATALOG_COMPILER_APPICON_NAME = AppIcon;
				ASSETCATALOG_COMPILER_GLOBAL_ACCENT_COLOR_NAME = AccentColor;
				CODE_SIGN_STYLE = Automatic;
				CURRENT_PROJECT_VERSION = 1;
				DEVELOPMENT_TEAM = 5SALT5UTL2;
				GENERATE_INFOPLIST_FILE = YES;
				INFOPLIST_FILE = JourneyKeeperApp/Info.plist;
				INFOPLIST_KEY_UIApplicationSupportsIndirectInputEvents = YES;
				INFOPLIST_KEY_UILaunchStoryboardName = LaunchScreen;
				INFOPLIST_KEY_UIMainStoryboardFile = Main;
				INFOPLIST_KEY_UISupportedInterfaceOrientations_iPad = "UIInterfaceOrientationPortrait UIInterfaceOrientationPortraitUpsideDown UIInterfaceOrientationLandscapeLeft UIInterfaceOrientationLandscapeRight";
				INFOPLIST_KEY_UISupportedInterfaceOrientations_iPhone = "UIInterfaceOrientationPortrait UIInterfaceOrientationLandscapeLeft UIInterfaceOrientationLandscapeRight";
				LD_RUNPATH_SEARCH_PATHS = (
					"$(inherited)",
					"@executable_path/Frameworks",
				);
				MARKETING_VERSION = 1.0;
				PRODUCT_BUNDLE_IDENTIFIER = com.erenelci.JourneyKeeperApp;
				PRODUCT_NAME = "$(TARGET_NAME)";
				SWIFT_EMIT_LOC_STRINGS = YES;
				SWIFT_VERSION = 5.0;
				TARGETED_DEVICE_FAMILY = "1,2";
			};
			name = Release;
		};
/* End XCBuildConfiguration section */

/* Begin XCConfigurationList section */
		26ABB5E72CACA898002D16AC /* Build configuration list for PBXProject "JourneyKeeperApp" */ = {
			isa = XCConfigurationList;
			buildConfigurations = (
				26ABB6012CACA899002D16AC /* Debug */,
				26ABB6022CACA899002D16AC /* Release */,
			);
			defaultConfigurationIsVisible = 0;
			defaultConfigurationName = Release;
		};
		26ABB6032CACA899002D16AC /* Build configuration list for PBXNativeTarget "JourneyKeeperApp" */ = {
			isa = XCConfigurationList;
			buildConfigurations = (
				26ABB6042CACA899002D16AC /* Debug */,
				26ABB6052CACA899002D16AC /* Release */,
			);
			defaultConfigurationIsVisible = 0;
			defaultConfigurationName = Release;
		};
/* End XCConfigurationList section */

/* Begin XCVersionGroup section */
		26ABB5F82CACA898002D16AC /* JourneyKeeperApp.xcdatamodeld */ = {
			isa = XCVersionGroup;
			children = (
				26ABB5F92CACA898002D16AC /* JourneyKeeperApp.xcdatamodel */,
			);
			currentVersion = 26ABB5F92CACA898002D16AC /* JourneyKeeperApp.xcdatamodel */;
			path = JourneyKeeperApp.xcdatamodeld;
			sourceTree = "<group>";
			versionGroupType = wrapper.xcdatamodel;
		};
/* End XCVersionGroup section */
	};
	rootObject = 26ABB5E42CACA898002D16AC /* Project object */;
}
